// !$*UTF8*$!
{
	archiveVersion = 1;
	classes = {
	};
	objectVersion = 56;
	objects = {

/* Begin PBXBuildFile section */
		AA7271882C5E5B2D007551C4 /* AppDelegate.swift in Sources */ = {isa = PBXBuildFile; fileRef = AA7271872C5E5B2D007551C4 /* AppDelegate.swift */; };
		AA72718A2C5E5B2D007551C4 /* SceneDelegate.swift in Sources */ = {isa = PBXBuildFile; fileRef = AA7271892C5E5B2D007551C4 /* SceneDelegate.swift */; };
		AA72718C2C5E5B2D007551C4 /* ViewController.swift in Sources */ = {isa = PBXBuildFile; fileRef = AA72718B2C5E5B2D007551C4 /* ViewController.swift */; };
		AA72718F2C5E5B2D007551C4 /* Base in Resources */ = {isa = PBXBuildFile; fileRef = AA72718E2C5E5B2D007551C4 /* Base */; };
		AA7271912C5E5B2E007551C4 /* Assets.xcassets in Resources */ = {isa = PBXBuildFile; fileRef = AA7271902C5E5B2E007551C4 /* Assets.xcassets */; };
		AA7271942C5E5B2E007551C4 /* Base in Resources */ = {isa = PBXBuildFile; fileRef = AA7271932C5E5B2E007551C4 /* Base */; };
		AA72719C2C5E5B50007551C4 /* BucketListTableVC.swift in Sources */ = {isa = PBXBuildFile; fileRef = AA72719B2C5E5B50007551C4 /* BucketListTableVC.swift */; };
		AA72719F2C5E5B6D007551C4 /* SnapKit in Frameworks */ = {isa = PBXBuildFile; productRef = AA72719E2C5E5B6D007551C4 /* SnapKit */; };
		AA7271A22C5E5B7F007551C4 /* RxCocoa in Frameworks */ = {isa = PBXBuildFile; productRef = AA7271A12C5E5B7F007551C4 /* RxCocoa */; };
		AA7271A42C5E5B7F007551C4 /* RxSwift in Frameworks */ = {isa = PBXBuildFile; productRef = AA7271A32C5E5B7F007551C4 /* RxSwift */; };
		AA7271A62C5E5C69007551C4 /* CustomSImpleTableVC.swift in Sources */ = {isa = PBXBuildFile; fileRef = AA7271A52C5E5C69007551C4 /* CustomSImpleTableVC.swift */; };
		AA7271A82C5E7FE9007551C4 /* BasicButtonViewController.swift in Sources */ = {isa = PBXBuildFile; fileRef = AA7271A72C5E7FE9007551C4 /* BasicButtonViewController.swift */; };
		AA7271AA2C5E84FA007551C4 /* BaseViewController.swift in Sources */ = {isa = PBXBuildFile; fileRef = AA7271A92C5E84FA007551C4 /* BaseViewController.swift */; };
		AA7271AD2C5F5E36007551C4 /* BucketListTableVC2.swift in Sources */ = {isa = PBXBuildFile; fileRef = AA7271AC2C5F5E36007551C4 /* BucketListTableVC2.swift */; };
		AA7271B12C5F76BF007551C4 /* BirthDayVC.swift in Sources */ = {isa = PBXBuildFile; fileRef = AA7271B02C5F76BF007551C4 /* BirthDayVC.swift */; };
		AA7271B32C5F79AE007551C4 /* PhoneNumberVC.swift in Sources */ = {isa = PBXBuildFile; fileRef = AA7271B22C5F79AE007551C4 /* PhoneNumberVC.swift */; };
		AA7271B52C5F9104007551C4 /* PasswordVC.swift in Sources */ = {isa = PBXBuildFile; fileRef = AA7271B42C5F9104007551C4 /* PasswordVC.swift */; };
		AA7271B92C5F992D007551C4 /* PickerVC.swift in Sources */ = {isa = PBXBuildFile; fileRef = AA7271B82C5F992D007551C4 /* PickerVC.swift */; };
		AA7271BB2C5FA0DB007551C4 /* TableViewVC.swift in Sources */ = {isa = PBXBuildFile; fileRef = AA7271BA2C5FA0DB007551C4 /* TableViewVC.swift */; };
		AA7271BD2C5FAA0A007551C4 /* SwitchVC.swift in Sources */ = {isa = PBXBuildFile; fileRef = AA7271BC2C5FAA0A007551C4 /* SwitchVC.swift */; };
		AA7271BF2C5FADC3007551C4 /* TextFieldButtonVC.swift in Sources */ = {isa = PBXBuildFile; fileRef = AA7271BE2C5FADC3007551C4 /* TextFieldButtonVC.swift */; };
		AA7271C12C5FBEFD007551C4 /* JustOfFromTakeVC.swift in Sources */ = {isa = PBXBuildFile; fileRef = AA7271C02C5FBEFD007551C4 /* JustOfFromTakeVC.swift */; };
		AA7271C32C5FC905007551C4 /* PassWordVCExample.swift in Sources */ = {isa = PBXBuildFile; fileRef = AA7271C22C5FC905007551C4 /* PassWordVCExample.swift */; };
		AA7271C52C5FCA2F007551C4 /* CombineLatestVC.swift in Sources */ = {isa = PBXBuildFile; fileRef = AA7271C42C5FCA2F007551C4 /* CombineLatestVC.swift */; };
		AA7271C82C5FCD85007551C4 /* SearchVC49Example.swift in Sources */ = {isa = PBXBuildFile; fileRef = AA7271C72C5FCD85007551C4 /* SearchVC49Example.swift */; };
		AA7271CA2C5FD222007551C4 /* WithLatestFromVC.swift in Sources */ = {isa = PBXBuildFile; fileRef = AA7271C92C5FD222007551C4 /* WithLatestFromVC.swift */; };
		AA7271CC2C5FD395007551C4 /* ZipVC.swift in Sources */ = {isa = PBXBuildFile; fileRef = AA7271CB2C5FD395007551C4 /* ZipVC.swift */; };
		AA7271D62C610867007551C4 /* BirthDayMvvmVC.swift in Sources */ = {isa = PBXBuildFile; fileRef = AA7271D52C610867007551C4 /* BirthDayMvvmVC.swift */; };
		AA7271D82C6109DE007551C4 /* BirthdayViewModel.swift in Sources */ = {isa = PBXBuildFile; fileRef = AA7271D72C6109DE007551C4 /* BirthdayViewModel.swift */; };
		AA7271DA2C610A83007551C4 /* PhoneMvvmVC.swift in Sources */ = {isa = PBXBuildFile; fileRef = AA7271D92C610A83007551C4 /* PhoneMvvmVC.swift */; };
		AA7271DC2C610AD6007551C4 /* PhoneViewModel.swift in Sources */ = {isa = PBXBuildFile; fileRef = AA7271DB2C610AD6007551C4 /* PhoneViewModel.swift */; };
		AA7271DE2C610B63007551C4 /* PasswordMvvmVC.swift in Sources */ = {isa = PBXBuildFile; fileRef = AA7271DD2C610B63007551C4 /* PasswordMvvmVC.swift */; };
		AA7271E02C610B85007551C4 /* PasswordViewModel.swift in Sources */ = {isa = PBXBuildFile; fileRef = AA7271DF2C610B85007551C4 /* PasswordViewModel.swift */; };
		AA7271E32C610CE3007551C4 /* Password3VC.swift in Sources */ = {isa = PBXBuildFile; fileRef = AA7271E22C610CE3007551C4 /* Password3VC.swift */; };
		AA7271E52C610DCC007551C4 /* Password3ViewModel.swift in Sources */ = {isa = PBXBuildFile; fileRef = AA7271E42C610DCC007551C4 /* Password3ViewModel.swift */; };
		AA7271E72C612909007551C4 /* Phone3VC.swift in Sources */ = {isa = PBXBuildFile; fileRef = AA7271E62C612909007551C4 /* Phone3VC.swift */; };
		AA7271E92C612923007551C4 /* Phone3ViewModel.swift in Sources */ = {isa = PBXBuildFile; fileRef = AA7271E82C612923007551C4 /* Phone3ViewModel.swift */; };
		AA7272042C6393A2007551C4 /* CafeViewController.swift in Sources */ = {isa = PBXBuildFile; fileRef = AA7272032C6393A2007551C4 /* CafeViewController.swift */; };
		AA7272062C6393B3007551C4 /* CafeViewModel.swift in Sources */ = {isa = PBXBuildFile; fileRef = AA7272052C6393B3007551C4 /* CafeViewModel.swift */; };
		AA7272082C6393ED007551C4 /* CafeCollectionViewCell.swift in Sources */ = {isa = PBXBuildFile; fileRef = AA7272072C6393ED007551C4 /* CafeCollectionViewCell.swift */; };
		AA72720A2C6393F5007551C4 /* CafeTableViewCell.swift in Sources */ = {isa = PBXBuildFile; fileRef = AA7272092C6393F5007551C4 /* CafeTableViewCell.swift */; };
		AA7272132C6399CA007551C4 /* Bucket3ViewController.swift in Sources */ = {isa = PBXBuildFile; fileRef = AA7272122C6399CA007551C4 /* Bucket3ViewController.swift */; };
		AA7272152C639BC6007551C4 /* Bucket3ViewModel.swift in Sources */ = {isa = PBXBuildFile; fileRef = AA7272142C639BC6007551C4 /* Bucket3ViewModel.swift */; };
		AA7272172C639BD7007551C4 /* Bucket3TableViewCell.swift in Sources */ = {isa = PBXBuildFile; fileRef = AA7272162C639BD7007551C4 /* Bucket3TableViewCell.swift */; };
		AA7272192C639BE7007551C4 /* Buket3CollectionViewCell.swift in Sources */ = {isa = PBXBuildFile; fileRef = AA7272182C639BE7007551C4 /* Buket3CollectionViewCell.swift */; };
		AA72721B2C644A3E007551C4 /* Protocol.swift in Sources */ = {isa = PBXBuildFile; fileRef = AA72721A2C644A3E007551C4 /* Protocol.swift */; };
		AA7272712C66F100007551C4 /* BoxOfficeViewController.swift in Sources */ = {isa = PBXBuildFile; fileRef = AA72726A2C66F100007551C4 /* BoxOfficeViewController.swift */; };
		AA7272722C66F100007551C4 /* BoxOfficeViewModel.swift in Sources */ = {isa = PBXBuildFile; fileRef = AA72726B2C66F100007551C4 /* BoxOfficeViewModel.swift */; };
		AA7272732C66F100007551C4 /* Movie.swift in Sources */ = {isa = PBXBuildFile; fileRef = AA72726C2C66F100007551C4 /* Movie.swift */; };
		AA7272742C66F100007551C4 /* MovieCollectionViewCell.swift in Sources */ = {isa = PBXBuildFile; fileRef = AA72726D2C66F100007551C4 /* MovieCollectionViewCell.swift */; };
		AA7272752C66F100007551C4 /* MovieTableViewCell.swift in Sources */ = {isa = PBXBuildFile; fileRef = AA72726E2C66F100007551C4 /* MovieTableViewCell.swift */; };
		AA7272762C66F100007551C4 /* NetworkManager.swift in Sources */ = {isa = PBXBuildFile; fileRef = AA72726F2C66F100007551C4 /* NetworkManager.swift */; };
		AA72727B2C66F4C2007551C4 /* MyBoxVC.swift in Sources */ = {isa = PBXBuildFile; fileRef = AA72727A2C66F4C2007551C4 /* MyBoxVC.swift */; };
		AA7272812C66F80F007551C4 /* .gitignore in Resources */ = {isa = PBXBuildFile; fileRef = AA7272802C66F80F007551C4 /* .gitignore */; };
		AA7272832C66F81B007551C4 /* APIKey.swift in Sources */ = {isa = PBXBuildFile; fileRef = AA7272822C66F81B007551C4 /* APIKey.swift */; };
		AA7272852C66F872007551C4 /* MyMoviewCollectionViewCell.swift in Sources */ = {isa = PBXBuildFile; fileRef = AA7272842C66F872007551C4 /* MyMoviewCollectionViewCell.swift */; };
		AA7272872C66FAFB007551C4 /* MyMovieTableCell.swift in Sources */ = {isa = PBXBuildFile; fileRef = AA7272862C66FAFB007551C4 /* MyMovieTableCell.swift */; };
/* End PBXBuildFile section */

/* Begin PBXFileReference section */
		AA7271842C5E5B2D007551C4 /* SeSACRxThreads_Start.app */ = {isa = PBXFileReference; explicitFileType = wrapper.application; includeInIndex = 0; path = SeSACRxThreads_Start.app; sourceTree = BUILT_PRODUCTS_DIR; };
		AA7271872C5E5B2D007551C4 /* AppDelegate.swift */ = {isa = PBXFileReference; lastKnownFileType = sourcecode.swift; path = AppDelegate.swift; sourceTree = "<group>"; };
		AA7271892C5E5B2D007551C4 /* SceneDelegate.swift */ = {isa = PBXFileReference; lastKnownFileType = sourcecode.swift; path = SceneDelegate.swift; sourceTree = "<group>"; };
		AA72718B2C5E5B2D007551C4 /* ViewController.swift */ = {isa = PBXFileReference; lastKnownFileType = sourcecode.swift; path = ViewController.swift; sourceTree = "<group>"; };
		AA72718E2C5E5B2D007551C4 /* Base */ = {isa = PBXFileReference; lastKnownFileType = file.storyboard; name = Base; path = Base.lproj/Main.storyboard; sourceTree = "<group>"; };
		AA7271902C5E5B2E007551C4 /* Assets.xcassets */ = {isa = PBXFileReference; lastKnownFileType = folder.assetcatalog; path = Assets.xcassets; sourceTree = "<group>"; };
		AA7271932C5E5B2E007551C4 /* Base */ = {isa = PBXFileReference; lastKnownFileType = file.storyboard; name = Base; path = Base.lproj/LaunchScreen.storyboard; sourceTree = "<group>"; };
		AA7271952C5E5B2E007551C4 /* Info.plist */ = {isa = PBXFileReference; lastKnownFileType = text.plist.xml; path = Info.plist; sourceTree = "<group>"; };
		AA72719B2C5E5B50007551C4 /* BucketListTableVC.swift */ = {isa = PBXFileReference; lastKnownFileType = sourcecode.swift; path = BucketListTableVC.swift; sourceTree = "<group>"; };
		AA7271A52C5E5C69007551C4 /* CustomSImpleTableVC.swift */ = {isa = PBXFileReference; fileEncoding = 4; lastKnownFileType = sourcecode.swift; path = CustomSImpleTableVC.swift; sourceTree = "<group>"; };
		AA7271A72C5E7FE9007551C4 /* BasicButtonViewController.swift */ = {isa = PBXFileReference; fileEncoding = 4; lastKnownFileType = sourcecode.swift; path = BasicButtonViewController.swift; sourceTree = "<group>"; };
		AA7271A92C5E84FA007551C4 /* BaseViewController.swift */ = {isa = PBXFileReference; lastKnownFileType = sourcecode.swift; path = BaseViewController.swift; sourceTree = "<group>"; };
		AA7271AC2C5F5E36007551C4 /* BucketListTableVC2.swift */ = {isa = PBXFileReference; lastKnownFileType = sourcecode.swift; path = BucketListTableVC2.swift; sourceTree = "<group>"; };
		AA7271B02C5F76BF007551C4 /* BirthDayVC.swift */ = {isa = PBXFileReference; lastKnownFileType = sourcecode.swift; path = BirthDayVC.swift; sourceTree = "<group>"; };
		AA7271B22C5F79AE007551C4 /* PhoneNumberVC.swift */ = {isa = PBXFileReference; lastKnownFileType = sourcecode.swift; path = PhoneNumberVC.swift; sourceTree = "<group>"; };
		AA7271B42C5F9104007551C4 /* PasswordVC.swift */ = {isa = PBXFileReference; lastKnownFileType = sourcecode.swift; path = PasswordVC.swift; sourceTree = "<group>"; };
		AA7271B82C5F992D007551C4 /* PickerVC.swift */ = {isa = PBXFileReference; lastKnownFileType = sourcecode.swift; path = PickerVC.swift; sourceTree = "<group>"; };
		AA7271BA2C5FA0DB007551C4 /* TableViewVC.swift */ = {isa = PBXFileReference; lastKnownFileType = sourcecode.swift; path = TableViewVC.swift; sourceTree = "<group>"; };
		AA7271BC2C5FAA0A007551C4 /* SwitchVC.swift */ = {isa = PBXFileReference; lastKnownFileType = sourcecode.swift; path = SwitchVC.swift; sourceTree = "<group>"; };
		AA7271BE2C5FADC3007551C4 /* TextFieldButtonVC.swift */ = {isa = PBXFileReference; lastKnownFileType = sourcecode.swift; path = TextFieldButtonVC.swift; sourceTree = "<group>"; };
		AA7271C02C5FBEFD007551C4 /* JustOfFromTakeVC.swift */ = {isa = PBXFileReference; lastKnownFileType = sourcecode.swift; path = JustOfFromTakeVC.swift; sourceTree = "<group>"; };
		AA7271C22C5FC905007551C4 /* PassWordVCExample.swift */ = {isa = PBXFileReference; lastKnownFileType = sourcecode.swift; path = PassWordVCExample.swift; sourceTree = "<group>"; };
		AA7271C42C5FCA2F007551C4 /* CombineLatestVC.swift */ = {isa = PBXFileReference; lastKnownFileType = sourcecode.swift; path = CombineLatestVC.swift; sourceTree = "<group>"; };
		AA7271C72C5FCD85007551C4 /* SearchVC49Example.swift */ = {isa = PBXFileReference; lastKnownFileType = sourcecode.swift; path = SearchVC49Example.swift; sourceTree = "<group>"; };
		AA7271C92C5FD222007551C4 /* WithLatestFromVC.swift */ = {isa = PBXFileReference; lastKnownFileType = sourcecode.swift; path = WithLatestFromVC.swift; sourceTree = "<group>"; };
		AA7271CB2C5FD395007551C4 /* ZipVC.swift */ = {isa = PBXFileReference; lastKnownFileType = sourcecode.swift; path = ZipVC.swift; sourceTree = "<group>"; };
		AA7271D52C610867007551C4 /* BirthDayMvvmVC.swift */ = {isa = PBXFileReference; lastKnownFileType = sourcecode.swift; path = BirthDayMvvmVC.swift; sourceTree = "<group>"; };
		AA7271D72C6109DE007551C4 /* BirthdayViewModel.swift */ = {isa = PBXFileReference; lastKnownFileType = sourcecode.swift; path = BirthdayViewModel.swift; sourceTree = "<group>"; };
		AA7271D92C610A83007551C4 /* PhoneMvvmVC.swift */ = {isa = PBXFileReference; lastKnownFileType = sourcecode.swift; path = PhoneMvvmVC.swift; sourceTree = "<group>"; };
		AA7271DB2C610AD6007551C4 /* PhoneViewModel.swift */ = {isa = PBXFileReference; lastKnownFileType = sourcecode.swift; path = PhoneViewModel.swift; sourceTree = "<group>"; };
		AA7271DD2C610B63007551C4 /* PasswordMvvmVC.swift */ = {isa = PBXFileReference; lastKnownFileType = sourcecode.swift; path = PasswordMvvmVC.swift; sourceTree = "<group>"; };
		AA7271DF2C610B85007551C4 /* PasswordViewModel.swift */ = {isa = PBXFileReference; lastKnownFileType = sourcecode.swift; path = PasswordViewModel.swift; sourceTree = "<group>"; };
		AA7271E22C610CE3007551C4 /* Password3VC.swift */ = {isa = PBXFileReference; lastKnownFileType = sourcecode.swift; path = Password3VC.swift; sourceTree = "<group>"; };
		AA7271E42C610DCC007551C4 /* Password3ViewModel.swift */ = {isa = PBXFileReference; lastKnownFileType = sourcecode.swift; path = Password3ViewModel.swift; sourceTree = "<group>"; };
		AA7271E62C612909007551C4 /* Phone3VC.swift */ = {isa = PBXFileReference; lastKnownFileType = sourcecode.swift; path = Phone3VC.swift; sourceTree = "<group>"; };
		AA7271E82C612923007551C4 /* Phone3ViewModel.swift */ = {isa = PBXFileReference; lastKnownFileType = sourcecode.swift; path = Phone3ViewModel.swift; sourceTree = "<group>"; };
		AA7272032C6393A2007551C4 /* CafeViewController.swift */ = {isa = PBXFileReference; lastKnownFileType = sourcecode.swift; path = CafeViewController.swift; sourceTree = "<group>"; };
		AA7272052C6393B3007551C4 /* CafeViewModel.swift */ = {isa = PBXFileReference; lastKnownFileType = sourcecode.swift; path = CafeViewModel.swift; sourceTree = "<group>"; };
		AA7272072C6393ED007551C4 /* CafeCollectionViewCell.swift */ = {isa = PBXFileReference; fileEncoding = 4; lastKnownFileType = sourcecode.swift; path = CafeCollectionViewCell.swift; sourceTree = "<group>"; };
		AA7272092C6393F5007551C4 /* CafeTableViewCell.swift */ = {isa = PBXFileReference; fileEncoding = 4; lastKnownFileType = sourcecode.swift; path = CafeTableViewCell.swift; sourceTree = "<group>"; };
		AA7272122C6399CA007551C4 /* Bucket3ViewController.swift */ = {isa = PBXFileReference; lastKnownFileType = sourcecode.swift; path = Bucket3ViewController.swift; sourceTree = "<group>"; };
		AA7272142C639BC6007551C4 /* Bucket3ViewModel.swift */ = {isa = PBXFileReference; lastKnownFileType = sourcecode.swift; path = Bucket3ViewModel.swift; sourceTree = "<group>"; };
		AA7272162C639BD7007551C4 /* Bucket3TableViewCell.swift */ = {isa = PBXFileReference; lastKnownFileType = sourcecode.swift; path = Bucket3TableViewCell.swift; sourceTree = "<group>"; };
		AA7272182C639BE7007551C4 /* Buket3CollectionViewCell.swift */ = {isa = PBXFileReference; lastKnownFileType = sourcecode.swift; path = Buket3CollectionViewCell.swift; sourceTree = "<group>"; };
		AA72721A2C644A3E007551C4 /* Protocol.swift */ = {isa = PBXFileReference; lastKnownFileType = sourcecode.swift; path = Protocol.swift; sourceTree = "<group>"; };
		AA72726A2C66F100007551C4 /* BoxOfficeViewController.swift */ = {isa = PBXFileReference; fileEncoding = 4; lastKnownFileType = sourcecode.swift; path = BoxOfficeViewController.swift; sourceTree = "<group>"; };
		AA72726B2C66F100007551C4 /* BoxOfficeViewModel.swift */ = {isa = PBXFileReference; fileEncoding = 4; lastKnownFileType = sourcecode.swift; path = BoxOfficeViewModel.swift; sourceTree = "<group>"; };
		AA72726C2C66F100007551C4 /* Movie.swift */ = {isa = PBXFileReference; fileEncoding = 4; lastKnownFileType = sourcecode.swift; path = Movie.swift; sourceTree = "<group>"; };
		AA72726D2C66F100007551C4 /* MovieCollectionViewCell.swift */ = {isa = PBXFileReference; fileEncoding = 4; lastKnownFileType = sourcecode.swift; path = MovieCollectionViewCell.swift; sourceTree = "<group>"; };
		AA72726E2C66F100007551C4 /* MovieTableViewCell.swift */ = {isa = PBXFileReference; fileEncoding = 4; lastKnownFileType = sourcecode.swift; path = MovieTableViewCell.swift; sourceTree = "<group>"; };
		AA72726F2C66F100007551C4 /* NetworkManager.swift */ = {isa = PBXFileReference; fileEncoding = 4; lastKnownFileType = sourcecode.swift; path = NetworkManager.swift; sourceTree = "<group>"; };
		AA72727A2C66F4C2007551C4 /* MyBoxVC.swift */ = {isa = PBXFileReference; lastKnownFileType = sourcecode.swift; path = MyBoxVC.swift; sourceTree = "<group>"; };
		AA7272802C66F80F007551C4 /* .gitignore */ = {isa = PBXFileReference; fileEncoding = 4; lastKnownFileType = text; path = .gitignore; sourceTree = "<group>"; };
		AA7272822C66F81B007551C4 /* APIKey.swift */ = {isa = PBXFileReference; fileEncoding = 4; lastKnownFileType = sourcecode.swift; path = APIKey.swift; sourceTree = "<group>"; };
		AA7272842C66F872007551C4 /* MyMoviewCollectionViewCell.swift */ = {isa = PBXFileReference; lastKnownFileType = sourcecode.swift; path = MyMoviewCollectionViewCell.swift; sourceTree = "<group>"; };
		AA7272862C66FAFB007551C4 /* MyMovieTableCell.swift */ = {isa = PBXFileReference; lastKnownFileType = sourcecode.swift; path = MyMovieTableCell.swift; sourceTree = "<group>"; };
/* End PBXFileReference section */

/* Begin PBXFrameworksBuildPhase section */
		AA7271812C5E5B2D007551C4 /* Frameworks */ = {
			isa = PBXFrameworksBuildPhase;
			buildActionMask = 2147483647;
			files = (
				AA7271A42C5E5B7F007551C4 /* RxSwift in Frameworks */,
				AA7271A22C5E5B7F007551C4 /* RxCocoa in Frameworks */,
				AA72719F2C5E5B6D007551C4 /* SnapKit in Frameworks */,
			);
			runOnlyForDeploymentPostprocessing = 0;
		};
/* End PBXFrameworksBuildPhase section */

/* Begin PBXGroup section */
		AA72717B2C5E5B2D007551C4 = {
			isa = PBXGroup;
			children = (
				AA7271862C5E5B2D007551C4 /* SeSACRxThreads_Start */,
				AA7271852C5E5B2D007551C4 /* Products */,
			);
			sourceTree = "<group>";
		};
		AA7271852C5E5B2D007551C4 /* Products */ = {
			isa = PBXGroup;
			children = (
				AA7271842C5E5B2D007551C4 /* SeSACRxThreads_Start.app */,
			);
			name = Products;
			sourceTree = "<group>";
		};
		AA7271862C5E5B2D007551C4 /* SeSACRxThreads_Start */ = {
			isa = PBXGroup;
			children = (
				AA7272802C66F80F007551C4 /* .gitignore */,
				AA7272822C66F81B007551C4 /* APIKey.swift */,
				AA7272692C66F02E007551C4 /* 53회차 수업 코드 복습 리팩 */,
				AA72721A2C644A3E007551C4 /* Protocol.swift */,
				AA72720B2C639614007551C4 /* 52회차 과제 */,
				AA7272022C63937F007551C4 /* 52회차 수업 코드 복습 리팩 */,
				AA7271E12C610C8D007551C4 /* 50회차 과제 3번씩 리팩하기 */,
				AA7271D42C6107ED007551C4 /* 50회차 과제 MVVM */,
				AA7271CD2C5FD5E8007551C4 /* 49회차 과제 */,
				AA7271B72C5F988D007551C4 /* 48회차 강의자료 뽀개기 */,
				AA7271B62C5F9873007551C4 /* 47회차 강의자료뽀개기 */,
				AA7271C62C5FCD54007551C4 /* 49회차 강의자료 뽀개기 */,
				AA7271AE2C5F5E3F007551C4 /* 버킷리스트 무한 연습 */,
				AA7271AB2C5E851D007551C4 /* Resource */,
				AA7271872C5E5B2D007551C4 /* AppDelegate.swift */,
				AA7271892C5E5B2D007551C4 /* SceneDelegate.swift */,
				AA72718B2C5E5B2D007551C4 /* ViewController.swift */,
				AA72718D2C5E5B2D007551C4 /* Main.storyboard */,
				AA7271902C5E5B2E007551C4 /* Assets.xcassets */,
				AA7271922C5E5B2E007551C4 /* LaunchScreen.storyboard */,
				AA7271952C5E5B2E007551C4 /* Info.plist */,
			);
			path = SeSACRxThreads_Start;
			sourceTree = "<group>";
		};
		AA7271AB2C5E851D007551C4 /* Resource */ = {
			isa = PBXGroup;
			children = (
				AA7271A92C5E84FA007551C4 /* BaseViewController.swift */,
				AA7271A72C5E7FE9007551C4 /* BasicButtonViewController.swift */,
				AA7271A52C5E5C69007551C4 /* CustomSImpleTableVC.swift */,
			);
			path = Resource;
			sourceTree = "<group>";
		};
		AA7271AE2C5F5E3F007551C4 /* 버킷리스트 무한 연습 */ = {
			isa = PBXGroup;
			children = (
				AA72719B2C5E5B50007551C4 /* BucketListTableVC.swift */,
				AA7271AC2C5F5E36007551C4 /* BucketListTableVC2.swift */,
			);
			name = "버킷리스트 무한 연습";
			path = "버킷리스트 무한 연습";
			sourceTree = "<group>";
		};
		AA7271B62C5F9873007551C4 /* 47회차 강의자료뽀개기 */ = {
			isa = PBXGroup;
			children = (
				AA7271B82C5F992D007551C4 /* PickerVC.swift */,
				AA7271BA2C5FA0DB007551C4 /* TableViewVC.swift */,
				AA7271BC2C5FAA0A007551C4 /* SwitchVC.swift */,
				AA7271BE2C5FADC3007551C4 /* TextFieldButtonVC.swift */,
				AA7271C02C5FBEFD007551C4 /* JustOfFromTakeVC.swift */,
			);
			name = "47회차 강의자료뽀개기";
			path = "48회차 강의자료뽀개기";
			sourceTree = "<group>";
		};
		AA7271B72C5F988D007551C4 /* 48회차 강의자료 뽀개기 */ = {
			isa = PBXGroup;
			children = (
				AA7271C42C5FCA2F007551C4 /* CombineLatestVC.swift */,
				AA7271C22C5FC905007551C4 /* PassWordVCExample.swift */,
			);
			name = "48회차 강의자료 뽀개기";
			path = "48회차 강의자료 뽀개기";
			sourceTree = "<group>";
		};
		AA7271C62C5FCD54007551C4 /* 49회차 강의자료 뽀개기 */ = {
			isa = PBXGroup;
			children = (
				AA7271C72C5FCD85007551C4 /* SearchVC49Example.swift */,
				AA7271C92C5FD222007551C4 /* WithLatestFromVC.swift */,
				AA7271CB2C5FD395007551C4 /* ZipVC.swift */,
			);
			name = "49회차 강의자료 뽀개기";
			path = "49회차 강의자료 뽀개기";
			sourceTree = "<group>";
		};
		AA7271CD2C5FD5E8007551C4 /* 49회차 과제 */ = {
			isa = PBXGroup;
			children = (
				AA7271B02C5F76BF007551C4 /* BirthDayVC.swift */,
				AA7271B22C5F79AE007551C4 /* PhoneNumberVC.swift */,
				AA7271B42C5F9104007551C4 /* PasswordVC.swift */,
			);
			name = "49회차 과제";
			path = "49회차 과제";
			sourceTree = "<group>";
		};
		AA7271D42C6107ED007551C4 /* 50회차 과제 MVVM */ = {
			isa = PBXGroup;
			children = (
				AA7271D92C610A83007551C4 /* PhoneMvvmVC.swift */,
				AA7271DB2C610AD6007551C4 /* PhoneViewModel.swift */,
				AA7271D52C610867007551C4 /* BirthDayMvvmVC.swift */,
				AA7271D72C6109DE007551C4 /* BirthdayViewModel.swift */,
				AA7271DD2C610B63007551C4 /* PasswordMvvmVC.swift */,
				AA7271DF2C610B85007551C4 /* PasswordViewModel.swift */,
			);
			name = "50회차 과제 MVVM";
			path = "50회 과제";
			sourceTree = "<group>";
		};
		AA7271E12C610C8D007551C4 /* 50회차 과제 3번씩 리팩하기 */ = {
			isa = PBXGroup;
			children = (
				AA7271E22C610CE3007551C4 /* Password3VC.swift */,
				AA7271E42C610DCC007551C4 /* Password3ViewModel.swift */,
				AA7271E62C612909007551C4 /* Phone3VC.swift */,
				AA7271E82C612923007551C4 /* Phone3ViewModel.swift */,
			);
			name = "50회차 과제 3번씩 리팩하기";
			path = "50회차 과제 3번씩 리팩하기";
			sourceTree = "<group>";
		};
		AA7272022C63937F007551C4 /* 52회차 수업 코드 복습 리팩 */ = {
			isa = PBXGroup;
			children = (
				AA7272032C6393A2007551C4 /* CafeViewController.swift */,
				AA7272052C6393B3007551C4 /* CafeViewModel.swift */,
				AA7272072C6393ED007551C4 /* CafeCollectionViewCell.swift */,
				AA7272092C6393F5007551C4 /* CafeTableViewCell.swift */,
			);
			name = "52회차 수업 코드 복습 리팩";
			path = "52회차 수업 ";
			sourceTree = "<group>";
		};
		AA72720B2C639614007551C4 /* 52회차 과제 */ = {
			isa = PBXGroup;
			children = (
				AA7272122C6399CA007551C4 /* Bucket3ViewController.swift */,
				AA7272142C639BC6007551C4 /* Bucket3ViewModel.swift */,
				AA7272162C639BD7007551C4 /* Bucket3TableViewCell.swift */,
				AA7272182C639BE7007551C4 /* Buket3CollectionViewCell.swift */,
			);
			name = "52회차 과제";
			path = "52회차 과제";
			sourceTree = "<group>";
		};
		AA7272692C66F02E007551C4 /* 53회차 수업 코드 복습 리팩 */ = {
			isa = PBXGroup;
			children = (
				AA7272792C66F484007551C4 /* 박스오피스 2번째 리팩 */,
				AA7272702C66F100007551C4 /* BoxOffice */,
			);
			name = "53회차 수업 코드 복습 리팩";
			path = "53회차 수업 코드 복습 리팩";
			sourceTree = "<group>";
		};
		AA7272702C66F100007551C4 /* BoxOffice */ = {
			isa = PBXGroup;
			children = (
				AA72726A2C66F100007551C4 /* BoxOfficeViewController.swift */,
				AA72726B2C66F100007551C4 /* BoxOfficeViewModel.swift */,
				AA72726C2C66F100007551C4 /* Movie.swift */,
				AA72726D2C66F100007551C4 /* MovieCollectionViewCell.swift */,
				AA72726E2C66F100007551C4 /* MovieTableViewCell.swift */,
				AA72726F2C66F100007551C4 /* NetworkManager.swift */,
			);
			path = BoxOffice;
			sourceTree = "<group>";
		};
		AA7272792C66F484007551C4 /* 박스오피스 2번째 리팩 */ = {
			isa = PBXGroup;
			children = (
				AA72727A2C66F4C2007551C4 /* MyBoxVC.swift */,
				AA7272842C66F872007551C4 /* MyMoviewCollectionViewCell.swift */,
				AA7272862C66FAFB007551C4 /* MyMovieTableCell.swift */,
			);
			name = "박스오피스 2번째 리팩";
			path = "박스오피스 2번째 리팩";
			sourceTree = "<group>";
		};
/* End PBXGroup section */

/* Begin PBXNativeTarget section */
		AA7271832C5E5B2D007551C4 /* SeSACRxThreads_Start */ = {
			isa = PBXNativeTarget;
			buildConfigurationList = AA7271982C5E5B2E007551C4 /* Build configuration list for PBXNativeTarget "SeSACRxThreads_Start" */;
			buildPhases = (
				AA7271802C5E5B2D007551C4 /* Sources */,
				AA7271812C5E5B2D007551C4 /* Frameworks */,
				AA7271822C5E5B2D007551C4 /* Resources */,
			);
			buildRules = (
			);
			dependencies = (
			);
			name = SeSACRxThreads_Start;
			packageProductDependencies = (
				AA72719E2C5E5B6D007551C4 /* SnapKit */,
				AA7271A12C5E5B7F007551C4 /* RxCocoa */,
				AA7271A32C5E5B7F007551C4 /* RxSwift */,
			);
			productName = SeSACRxThreads_Start;
			productReference = AA7271842C5E5B2D007551C4 /* SeSACRxThreads_Start.app */;
			productType = "com.apple.product-type.application";
		};
/* End PBXNativeTarget section */

/* Begin PBXProject section */
		AA72717C2C5E5B2D007551C4 /* Project object */ = {
			isa = PBXProject;
			attributes = {
				BuildIndependentTargetsInParallel = 1;
				LastSwiftUpdateCheck = 1540;
				LastUpgradeCheck = 1540;
				TargetAttributes = {
					AA7271832C5E5B2D007551C4 = {
						CreatedOnToolsVersion = 15.4;
					};
				};
			};
			buildConfigurationList = AA72717F2C5E5B2D007551C4 /* Build configuration list for PBXProject "SeSACRxThreads_Start" */;
			compatibilityVersion = "Xcode 14.0";
			developmentRegion = en;
			hasScannedForEncodings = 0;
			knownRegions = (
				en,
				Base,
			);
			mainGroup = AA72717B2C5E5B2D007551C4;
			packageReferences = (
				AA72719D2C5E5B6D007551C4 /* XCRemoteSwiftPackageReference "SnapKit" */,
				AA7271A02C5E5B7F007551C4 /* XCRemoteSwiftPackageReference "RxSwift" */,
			);
			productRefGroup = AA7271852C5E5B2D007551C4 /* Products */;
			projectDirPath = "";
			projectRoot = "";
			targets = (
				AA7271832C5E5B2D007551C4 /* SeSACRxThreads_Start */,
			);
		};
/* End PBXProject section */

/* Begin PBXResourcesBuildPhase section */
		AA7271822C5E5B2D007551C4 /* Resources */ = {
			isa = PBXResourcesBuildPhase;
			buildActionMask = 2147483647;
			files = (
				AA7272812C66F80F007551C4 /* .gitignore in Resources */,
				AA7271912C5E5B2E007551C4 /* Assets.xcassets in Resources */,
				AA7271942C5E5B2E007551C4 /* Base in Resources */,
				AA72718F2C5E5B2D007551C4 /* Base in Resources */,
			);
			runOnlyForDeploymentPostprocessing = 0;
		};
/* End PBXResourcesBuildPhase section */

/* Begin PBXSourcesBuildPhase section */
		AA7271802C5E5B2D007551C4 /* Sources */ = {
			isa = PBXSourcesBuildPhase;
			buildActionMask = 2147483647;
			files = (
				AA7272762C66F100007551C4 /* NetworkManager.swift in Sources */,
				AA7272732C66F100007551C4 /* Movie.swift in Sources */,
				AA7272722C66F100007551C4 /* BoxOfficeViewModel.swift in Sources */,
				AA7271C32C5FC905007551C4 /* PassWordVCExample.swift in Sources */,
				AA7272042C6393A2007551C4 /* CafeViewController.swift in Sources */,
				AA7271CC2C5FD395007551C4 /* ZipVC.swift in Sources */,
				AA7271E92C612923007551C4 /* Phone3ViewModel.swift in Sources */,
				AA7271C52C5FCA2F007551C4 /* CombineLatestVC.swift in Sources */,
				AA7272062C6393B3007551C4 /* CafeViewModel.swift in Sources */,
				AA7271E52C610DCC007551C4 /* Password3ViewModel.swift in Sources */,
				AA7272832C66F81B007551C4 /* APIKey.swift in Sources */,
				AA7271D62C610867007551C4 /* BirthDayMvvmVC.swift in Sources */,
				AA7271BF2C5FADC3007551C4 /* TextFieldButtonVC.swift in Sources */,
				AA7271DA2C610A83007551C4 /* PhoneMvvmVC.swift in Sources */,
				AA7271BD2C5FAA0A007551C4 /* SwitchVC.swift in Sources */,
				AA7271B92C5F992D007551C4 /* PickerVC.swift in Sources */,
				AA7271D82C6109DE007551C4 /* BirthdayViewModel.swift in Sources */,
				AA7271AD2C5F5E36007551C4 /* BucketListTableVC2.swift in Sources */,
				AA7271C82C5FCD85007551C4 /* SearchVC49Example.swift in Sources */,
				AA7272712C66F100007551C4 /* BoxOfficeViewController.swift in Sources */,
				AA7271DE2C610B63007551C4 /* PasswordMvvmVC.swift in Sources */,
				AA7272742C66F100007551C4 /* MovieCollectionViewCell.swift in Sources */,
				AA7272752C66F100007551C4 /* MovieTableViewCell.swift in Sources */,
				AA7272132C6399CA007551C4 /* Bucket3ViewController.swift in Sources */,
				AA72718C2C5E5B2D007551C4 /* ViewController.swift in Sources */,
				AA7272082C6393ED007551C4 /* CafeCollectionViewCell.swift in Sources */,
				AA72721B2C644A3E007551C4 /* Protocol.swift in Sources */,
				AA7271DC2C610AD6007551C4 /* PhoneViewModel.swift in Sources */,
				AA72719C2C5E5B50007551C4 /* BucketListTableVC.swift in Sources */,
				AA7271B52C5F9104007551C4 /* PasswordVC.swift in Sources */,
				AA7271B12C5F76BF007551C4 /* BirthDayVC.swift in Sources */,
				AA7271882C5E5B2D007551C4 /* AppDelegate.swift in Sources */,
				AA7271A82C5E7FE9007551C4 /* BasicButtonViewController.swift in Sources */,
				AA72727B2C66F4C2007551C4 /* MyBoxVC.swift in Sources */,
				AA7272852C66F872007551C4 /* MyMoviewCollectionViewCell.swift in Sources */,
				AA7272872C66FAFB007551C4 /* MyMovieTableCell.swift in Sources */,
				AA7271E02C610B85007551C4 /* PasswordViewModel.swift in Sources */,
				AA7272152C639BC6007551C4 /* Bucket3ViewModel.swift in Sources */,
				AA72718A2C5E5B2D007551C4 /* SceneDelegate.swift in Sources */,
				AA7271BB2C5FA0DB007551C4 /* TableViewVC.swift in Sources */,
				AA7272192C639BE7007551C4 /* Buket3CollectionViewCell.swift in Sources */,
				AA7272172C639BD7007551C4 /* Bucket3TableViewCell.swift in Sources */,
				AA7271CA2C5FD222007551C4 /* WithLatestFromVC.swift in Sources */,
				AA7271AA2C5E84FA007551C4 /* BaseViewController.swift in Sources */,
				AA7271E72C612909007551C4 /* Phone3VC.swift in Sources */,
				AA72720A2C6393F5007551C4 /* CafeTableViewCell.swift in Sources */,
				AA7271B32C5F79AE007551C4 /* PhoneNumberVC.swift in Sources */,
				AA7271C12C5FBEFD007551C4 /* JustOfFromTakeVC.swift in Sources */,
				AA7271A62C5E5C69007551C4 /* CustomSImpleTableVC.swift in Sources */,
				AA7271E32C610CE3007551C4 /* Password3VC.swift in Sources */,
			);
			runOnlyForDeploymentPostprocessing = 0;
		};
/* End PBXSourcesBuildPhase section */

/* Begin PBXVariantGroup section */
		AA72718D2C5E5B2D007551C4 /* Main.storyboard */ = {
			isa = PBXVariantGroup;
			children = (
				AA72718E2C5E5B2D007551C4 /* Base */,
			);
			name = Main.storyboard;
			sourceTree = "<group>";
		};
		AA7271922C5E5B2E007551C4 /* LaunchScreen.storyboard */ = {
			isa = PBXVariantGroup;
			children = (
				AA7271932C5E5B2E007551C4 /* Base */,
			);
			name = LaunchScreen.storyboard;
			sourceTree = "<group>";
		};
/* End PBXVariantGroup section */

/* Begin XCBuildConfiguration section */
		AA7271962C5E5B2E007551C4 /* Debug */ = {
			isa = XCBuildConfiguration;
			buildSettings = {
				ALWAYS_SEARCH_USER_PATHS = NO;
				ASSETCATALOG_COMPILER_GENERATE_SWIFT_ASSET_SYMBOL_EXTENSIONS = YES;
				CLANG_ANALYZER_NONNULL = YES;
				CLANG_ANALYZER_NUMBER_OBJECT_CONVERSION = YES_AGGRESSIVE;
				CLANG_CXX_LANGUAGE_STANDARD = "gnu++20";
				CLANG_ENABLE_MODULES = YES;
				CLANG_ENABLE_OBJC_ARC = YES;
				CLANG_ENABLE_OBJC_WEAK = YES;
				CLANG_WARN_BLOCK_CAPTURE_AUTORELEASING = YES;
				CLANG_WARN_BOOL_CONVERSION = YES;
				CLANG_WARN_COMMA = YES;
				CLANG_WARN_CONSTANT_CONVERSION = YES;
				CLANG_WARN_DEPRECATED_OBJC_IMPLEMENTATIONS = YES;
				CLANG_WARN_DIRECT_OBJC_ISA_USAGE = YES_ERROR;
				CLANG_WARN_DOCUMENTATION_COMMENTS = YES;
				CLANG_WARN_EMPTY_BODY = YES;
				CLANG_WARN_ENUM_CONVERSION = YES;
				CLANG_WARN_INFINITE_RECURSION = YES;
				CLANG_WARN_INT_CONVERSION = YES;
				CLANG_WARN_NON_LITERAL_NULL_CONVERSION = YES;
				CLANG_WARN_OBJC_IMPLICIT_RETAIN_SELF = YES;
				CLANG_WARN_OBJC_LITERAL_CONVERSION = YES;
				CLANG_WARN_OBJC_ROOT_CLASS = YES_ERROR;
				CLANG_WARN_QUOTED_INCLUDE_IN_FRAMEWORK_HEADER = YES;
				CLANG_WARN_RANGE_LOOP_ANALYSIS = YES;
				CLANG_WARN_STRICT_PROTOTYPES = YES;
				CLANG_WARN_SUSPICIOUS_MOVE = YES;
				CLANG_WARN_UNGUARDED_AVAILABILITY = YES_AGGRESSIVE;
				CLANG_WARN_UNREACHABLE_CODE = YES;
				CLANG_WARN__DUPLICATE_METHOD_MATCH = YES;
				COPY_PHASE_STRIP = NO;
				DEBUG_INFORMATION_FORMAT = dwarf;
				ENABLE_STRICT_OBJC_MSGSEND = YES;
				ENABLE_TESTABILITY = YES;
				ENABLE_USER_SCRIPT_SANDBOXING = YES;
				GCC_C_LANGUAGE_STANDARD = gnu17;
				GCC_DYNAMIC_NO_PIC = NO;
				GCC_NO_COMMON_BLOCKS = YES;
				GCC_OPTIMIZATION_LEVEL = 0;
				GCC_PREPROCESSOR_DEFINITIONS = (
					"DEBUG=1",
					"$(inherited)",
				);
				GCC_WARN_64_TO_32_BIT_CONVERSION = YES;
				GCC_WARN_ABOUT_RETURN_TYPE = YES_ERROR;
				GCC_WARN_UNDECLARED_SELECTOR = YES;
				GCC_WARN_UNINITIALIZED_AUTOS = YES_AGGRESSIVE;
				GCC_WARN_UNUSED_FUNCTION = YES;
				GCC_WARN_UNUSED_VARIABLE = YES;
				IPHONEOS_DEPLOYMENT_TARGET = 17.5;
				LOCALIZATION_PREFERS_STRING_CATALOGS = YES;
				MTL_ENABLE_DEBUG_INFO = INCLUDE_SOURCE;
				MTL_FAST_MATH = YES;
				ONLY_ACTIVE_ARCH = YES;
				SDKROOT = iphoneos;
				SWIFT_ACTIVE_COMPILATION_CONDITIONS = "DEBUG $(inherited)";
				SWIFT_OPTIMIZATION_LEVEL = "-Onone";
			};
			name = Debug;
		};
		AA7271972C5E5B2E007551C4 /* Release */ = {
			isa = XCBuildConfiguration;
			buildSettings = {
				ALWAYS_SEARCH_USER_PATHS = NO;
				ASSETCATALOG_COMPILER_GENERATE_SWIFT_ASSET_SYMBOL_EXTENSIONS = YES;
				CLANG_ANALYZER_NONNULL = YES;
				CLANG_ANALYZER_NUMBER_OBJECT_CONVERSION = YES_AGGRESSIVE;
				CLANG_CXX_LANGUAGE_STANDARD = "gnu++20";
				CLANG_ENABLE_MODULES = YES;
				CLANG_ENABLE_OBJC_ARC = YES;
				CLANG_ENABLE_OBJC_WEAK = YES;
				CLANG_WARN_BLOCK_CAPTURE_AUTORELEASING = YES;
				CLANG_WARN_BOOL_CONVERSION = YES;
				CLANG_WARN_COMMA = YES;
				CLANG_WARN_CONSTANT_CONVERSION = YES;
				CLANG_WARN_DEPRECATED_OBJC_IMPLEMENTATIONS = YES;
				CLANG_WARN_DIRECT_OBJC_ISA_USAGE = YES_ERROR;
				CLANG_WARN_DOCUMENTATION_COMMENTS = YES;
				CLANG_WARN_EMPTY_BODY = YES;
				CLANG_WARN_ENUM_CONVERSION = YES;
				CLANG_WARN_INFINITE_RECURSION = YES;
				CLANG_WARN_INT_CONVERSION = YES;
				CLANG_WARN_NON_LITERAL_NULL_CONVERSION = YES;
				CLANG_WARN_OBJC_IMPLICIT_RETAIN_SELF = YES;
				CLANG_WARN_OBJC_LITERAL_CONVERSION = YES;
				CLANG_WARN_OBJC_ROOT_CLASS = YES_ERROR;
				CLANG_WARN_QUOTED_INCLUDE_IN_FRAMEWORK_HEADER = YES;
				CLANG_WARN_RANGE_LOOP_ANALYSIS = YES;
				CLANG_WARN_STRICT_PROTOTYPES = YES;
				CLANG_WARN_SUSPICIOUS_MOVE = YES;
				CLANG_WARN_UNGUARDED_AVAILABILITY = YES_AGGRESSIVE;
				CLANG_WARN_UNREACHABLE_CODE = YES;
				CLANG_WARN__DUPLICATE_METHOD_MATCH = YES;
				COPY_PHASE_STRIP = NO;
				DEBUG_INFORMATION_FORMAT = "dwarf-with-dsym";
				ENABLE_NS_ASSERTIONS = NO;
				ENABLE_STRICT_OBJC_MSGSEND = YES;
				ENABLE_USER_SCRIPT_SANDBOXING = YES;
				GCC_C_LANGUAGE_STANDARD = gnu17;
				GCC_NO_COMMON_BLOCKS = YES;
				GCC_WARN_64_TO_32_BIT_CONVERSION = YES;
				GCC_WARN_ABOUT_RETURN_TYPE = YES_ERROR;
				GCC_WARN_UNDECLARED_SELECTOR = YES;
				GCC_WARN_UNINITIALIZED_AUTOS = YES_AGGRESSIVE;
				GCC_WARN_UNUSED_FUNCTION = YES;
				GCC_WARN_UNUSED_VARIABLE = YES;
				IPHONEOS_DEPLOYMENT_TARGET = 17.5;
				LOCALIZATION_PREFERS_STRING_CATALOGS = YES;
				MTL_ENABLE_DEBUG_INFO = NO;
				MTL_FAST_MATH = YES;
				SDKROOT = iphoneos;
				SWIFT_COMPILATION_MODE = wholemodule;
				VALIDATE_PRODUCT = YES;
			};
			name = Release;
		};
		AA7271992C5E5B2E007551C4 /* Debug */ = {
			isa = XCBuildConfiguration;
			buildSettings = {
				ASSETCATALOG_COMPILER_APPICON_NAME = AppIcon;
				ASSETCATALOG_COMPILER_GLOBAL_ACCENT_COLOR_NAME = AccentColor;
				CODE_SIGN_STYLE = Automatic;
				CURRENT_PROJECT_VERSION = 1;
				DEVELOPMENT_TEAM = 4KLMMMFY4D;
				GENERATE_INFOPLIST_FILE = YES;
				INFOPLIST_FILE = SeSACRxThreads_Start/Info.plist;
				INFOPLIST_KEY_UIApplicationSupportsIndirectInputEvents = YES;
				INFOPLIST_KEY_UILaunchStoryboardName = LaunchScreen;
				INFOPLIST_KEY_UIMainStoryboardFile = Main;
				INFOPLIST_KEY_UISupportedInterfaceOrientations_iPad = "UIInterfaceOrientationPortrait UIInterfaceOrientationPortraitUpsideDown UIInterfaceOrientationLandscapeLeft UIInterfaceOrientationLandscapeRight";
				INFOPLIST_KEY_UISupportedInterfaceOrientations_iPhone = "UIInterfaceOrientationPortrait UIInterfaceOrientationLandscapeLeft UIInterfaceOrientationLandscapeRight";
				LD_RUNPATH_SEARCH_PATHS = (
					"$(inherited)",
					"@executable_path/Frameworks",
				);
				MARKETING_VERSION = 1.0;
				PRODUCT_BUNDLE_IDENTIFIER = "com.acasia.SeSACRxThreads-Start";
				PRODUCT_NAME = "$(TARGET_NAME)";
				SWIFT_EMIT_LOC_STRINGS = YES;
				SWIFT_VERSION = 5.0;
				TARGETED_DEVICE_FAMILY = "1,2";
			};
			name = Debug;
		};
		AA72719A2C5E5B2E007551C4 /* Release */ = {
			isa = XCBuildConfiguration;
			buildSettings = {
				ASSETCATALOG_COMPILER_APPICON_NAME = AppIcon;
				ASSETCATALOG_COMPILER_GLOBAL_ACCENT_COLOR_NAME = AccentColor;
				CODE_SIGN_STYLE = Automatic;
				CURRENT_PROJECT_VERSION = 1;
				DEVELOPMENT_TEAM = 4KLMMMFY4D;
				GENERATE_INFOPLIST_FILE = YES;
				INFOPLIST_FILE = SeSACRxThreads_Start/Info.plist;
				INFOPLIST_KEY_UIApplicationSupportsIndirectInputEvents = YES;
				INFOPLIST_KEY_UILaunchStoryboardName = LaunchScreen;
				INFOPLIST_KEY_UIMainStoryboardFile = Main;
				INFOPLIST_KEY_UISupportedInterfaceOrientations_iPad = "UIInterfaceOrientationPortrait UIInterfaceOrientationPortraitUpsideDown UIInterfaceOrientationLandscapeLeft UIInterfaceOrientationLandscapeRight";
				INFOPLIST_KEY_UISupportedInterfaceOrientations_iPhone = "UIInterfaceOrientationPortrait UIInterfaceOrientationLandscapeLeft UIInterfaceOrientationLandscapeRight";
				LD_RUNPATH_SEARCH_PATHS = (
					"$(inherited)",
					"@executable_path/Frameworks",
				);
				MARKETING_VERSION = 1.0;
				PRODUCT_BUNDLE_IDENTIFIER = "com.acasia.SeSACRxThreads-Start";
				PRODUCT_NAME = "$(TARGET_NAME)";
				SWIFT_EMIT_LOC_STRINGS = YES;
				SWIFT_VERSION = 5.0;
				TARGETED_DEVICE_FAMILY = "1,2";
			};
			name = Release;
		};
/* End XCBuildConfiguration section */

/* Begin XCConfigurationList section */
		AA72717F2C5E5B2D007551C4 /* Build configuration list for PBXProject "SeSACRxThreads_Start" */ = {
			isa = XCConfigurationList;
			buildConfigurations = (
				AA7271962C5E5B2E007551C4 /* Debug */,
				AA7271972C5E5B2E007551C4 /* Release */,
			);
			defaultConfigurationIsVisible = 0;
			defaultConfigurationName = Release;
		};
		AA7271982C5E5B2E007551C4 /* Build configuration list for PBXNativeTarget "SeSACRxThreads_Start" */ = {
			isa = XCConfigurationList;
			buildConfigurations = (
				AA7271992C5E5B2E007551C4 /* Debug */,
				AA72719A2C5E5B2E007551C4 /* Release */,
			);
			defaultConfigurationIsVisible = 0;
			defaultConfigurationName = Release;
		};
/* End XCConfigurationList section */

/* Begin XCRemoteSwiftPackageReference section */
		AA72719D2C5E5B6D007551C4 /* XCRemoteSwiftPackageReference "SnapKit" */ = {
			isa = XCRemoteSwiftPackageReference;
			repositoryURL = "https://github.com/SnapKit/SnapKit.git";
			requirement = {
				kind = upToNextMajorVersion;
				minimumVersion = 5.7.1;
			};
		};
		AA7271A02C5E5B7F007551C4 /* XCRemoteSwiftPackageReference "RxSwift" */ = {
			isa = XCRemoteSwiftPackageReference;
			repositoryURL = "https://github.com/ReactiveX/RxSwift.git";
			requirement = {
				kind = upToNextMajorVersion;
				minimumVersion = 6.7.1;
			};
		};
/* End XCRemoteSwiftPackageReference section */

/* Begin XCSwiftPackageProductDependency section */
		AA72719E2C5E5B6D007551C4 /* SnapKit */ = {
			isa = XCSwiftPackageProductDependency;
			package = AA72719D2C5E5B6D007551C4 /* XCRemoteSwiftPackageReference "SnapKit" */;
			productName = SnapKit;
		};
		AA7271A12C5E5B7F007551C4 /* RxCocoa */ = {
			isa = XCSwiftPackageProductDependency;
			package = AA7271A02C5E5B7F007551C4 /* XCRemoteSwiftPackageReference "RxSwift" */;
			productName = RxCocoa;
		};
		AA7271A32C5E5B7F007551C4 /* RxSwift */ = {
			isa = XCSwiftPackageProductDependency;
			package = AA7271A02C5E5B7F007551C4 /* XCRemoteSwiftPackageReference "RxSwift" */;
			productName = RxSwift;
		};
/* End XCSwiftPackageProductDependency section */
	};
	rootObject = AA72717C2C5E5B2D007551C4 /* Project object */;
}
